// !$*UTF8*$!
{
	archiveVersion = 1;
	classes = {
	};
	objectVersion = 46;
	objects = {

/* Begin PBXBuildFile section */
		1DD69F76B275F6AF4DEC6061 /* libPods-ZQFreeLimit.a in Frameworks */ = {isa = PBXBuildFile; fileRef = 0AE805578D2A1AC8341B8FBA /* libPods-ZQFreeLimit.a */; };
		BCB64A621D07F129009E15D7 /* main.m in Sources */ = {isa = PBXBuildFile; fileRef = BCB64A611D07F129009E15D7 /* main.m */; };
		BCB64A651D07F129009E15D7 /* AppDelegate.m in Sources */ = {isa = PBXBuildFile; fileRef = BCB64A641D07F129009E15D7 /* AppDelegate.m */; };
		BCB64A681D07F129009E15D7 /* ViewController.m in Sources */ = {isa = PBXBuildFile; fileRef = BCB64A671D07F129009E15D7 /* ViewController.m */; };
		BCB64A6B1D07F129009E15D7 /* Main.storyboard in Resources */ = {isa = PBXBuildFile; fileRef = BCB64A691D07F129009E15D7 /* Main.storyboard */; };
		BCB64A6D1D07F129009E15D7 /* Images.xcassets in Resources */ = {isa = PBXBuildFile; fileRef = BCB64A6C1D07F129009E15D7 /* Images.xcassets */; };
		BCB64A701D07F129009E15D7 /* LaunchScreen.xib in Resources */ = {isa = PBXBuildFile; fileRef = BCB64A6E1D07F129009E15D7 /* LaunchScreen.xib */; };
		BCB64A7C1D07F129009E15D7 /* ZQFreeLimitTests.m in Sources */ = {isa = PBXBuildFile; fileRef = BCB64A7B1D07F129009E15D7 /* ZQFreeLimitTests.m */; };
		BCB64A8C1D07FB38009E15D7 /* ZQViewController.m in Sources */ = {isa = PBXBuildFile; fileRef = BCB64A8B1D07FB38009E15D7 /* ZQViewController.m */; };
/* End PBXBuildFile section */

/* Begin PBXContainerItemProxy section */
		BCB64A761D07F129009E15D7 /* PBXContainerItemProxy */ = {
			isa = PBXContainerItemProxy;
			containerPortal = BCB64A541D07F129009E15D7 /* Project object */;
			proxyType = 1;
			remoteGlobalIDString = BCB64A5B1D07F129009E15D7;
			remoteInfo = ZQFreeLimit;
		};
/* End PBXContainerItemProxy section */

/* Begin PBXFileReference section */
		0AE805578D2A1AC8341B8FBA /* libPods-ZQFreeLimit.a */ = {isa = PBXFileReference; explicitFileType = archive.ar; includeInIndex = 0; path = "libPods-ZQFreeLimit.a"; sourceTree = BUILT_PRODUCTS_DIR; };
		2431C5E49DCF005B63D2F538 /* Pods-ZQFreeLimit.debug.xcconfig */ = {isa = PBXFileReference; includeInIndex = 1; lastKnownFileType = text.xcconfig; name = "Pods-ZQFreeLimit.debug.xcconfig"; path = "Pods/Target Support Files/Pods-ZQFreeLimit/Pods-ZQFreeLimit.debug.xcconfig"; sourceTree = "<group>"; };
		91C875D2B765FE0D97579DD5 /* Pods-ZQFreeLimit.release.xcconfig */ = {isa = PBXFileReference; includeInIndex = 1; lastKnownFileType = text.xcconfig; name = "Pods-ZQFreeLimit.release.xcconfig"; path = "Pods/Target Support Files/Pods-ZQFreeLimit/Pods-ZQFreeLimit.release.xcconfig"; sourceTree = "<group>"; };
		BCB64A5C1D07F129009E15D7 /* ZQFreeLimit.app */ = {isa = PBXFileReference; explicitFileType = wrapper.application; includeInIndex = 0; path = ZQFreeLimit.app; sourceTree = BUILT_PRODUCTS_DIR; };
		BCB64A601D07F129009E15D7 /* Info.plist */ = {isa = PBXFileReference; lastKnownFileType = text.plist.xml; path = Info.plist; sourceTree = "<group>"; };
		BCB64A611D07F129009E15D7 /* main.m */ = {isa = PBXFileReference; lastKnownFileType = sourcecode.c.objc; path = main.m; sourceTree = "<group>"; };
		BCB64A631D07F129009E15D7 /* AppDelegate.h */ = {isa = PBXFileReference; lastKnownFileType = sourcecode.c.h; path = AppDelegate.h; sourceTree = "<group>"; };
		BCB64A641D07F129009E15D7 /* AppDelegate.m */ = {isa = PBXFileReference; lastKnownFileType = sourcecode.c.objc; path = AppDelegate.m; sourceTree = "<group>"; };
		BCB64A661D07F129009E15D7 /* ViewController.h */ = {isa = PBXFileReference; lastKnownFileType = sourcecode.c.h; path = ViewController.h; sourceTree = "<group>"; };
		BCB64A671D07F129009E15D7 /* ViewController.m */ = {isa = PBXFileReference; lastKnownFileType = sourcecode.c.objc; path = ViewController.m; sourceTree = "<group>"; };
		BCB64A6A1D07F129009E15D7 /* Base */ = {isa = PBXFileReference; lastKnownFileType = file.storyboard; name = Base; path = Base.lproj/Main.storyboard; sourceTree = "<group>"; };
		BCB64A6C1D07F129009E15D7 /* Images.xcassets */ = {isa = PBXFileReference; lastKnownFileType = folder.assetcatalog; path = Images.xcassets; sourceTree = "<group>"; };
		BCB64A6F1D07F129009E15D7 /* Base */ = {isa = PBXFileReference; lastKnownFileType = file.xib; name = Base; path = Base.lproj/LaunchScreen.xib; sourceTree = "<group>"; };
		BCB64A751D07F129009E15D7 /* ZQFreeLimitTests.xctest */ = {isa = PBXFileReference; explicitFileType = wrapper.cfbundle; includeInIndex = 0; path = ZQFreeLimitTests.xctest; sourceTree = BUILT_PRODUCTS_DIR; };
		BCB64A7A1D07F129009E15D7 /* Info.plist */ = {isa = PBXFileReference; lastKnownFileType = text.plist.xml; path = Info.plist; sourceTree = "<group>"; };
		BCB64A7B1D07F129009E15D7 /* ZQFreeLimitTests.m */ = {isa = PBXFileReference; lastKnownFileType = sourcecode.c.objc; path = ZQFreeLimitTests.m; sourceTree = "<group>"; };
		BCB64A8A1D07FB38009E15D7 /* ZQViewController.h */ = {isa = PBXFileReference; fileEncoding = 4; lastKnownFileType = sourcecode.c.h; path = ZQViewController.h; sourceTree = "<group>"; };
		BCB64A8B1D07FB38009E15D7 /* ZQViewController.m */ = {isa = PBXFileReference; fileEncoding = 4; lastKnownFileType = sourcecode.c.objc; path = ZQViewController.m; sourceTree = "<group>"; };
/* End PBXFileReference section */

/* Begin PBXFrameworksBuildPhase section */
		BCB64A591D07F129009E15D7 /* Frameworks */ = {
			isa = PBXFrameworksBuildPhase;
			buildActionMask = 2147483647;
			files = (
				1DD69F76B275F6AF4DEC6061 /* libPods-ZQFreeLimit.a in Frameworks */,
			);
			runOnlyForDeploymentPostprocessing = 0;
		};
		BCB64A721D07F129009E15D7 /* Frameworks */ = {
			isa = PBXFrameworksBuildPhase;
			buildActionMask = 2147483647;
			files = (
			);
			runOnlyForDeploymentPostprocessing = 0;
		};
/* End PBXFrameworksBuildPhase section */

/* Begin PBXGroup section */
		6BBF2F2329A1B60E048B8527 /* Frameworks */ = {
			isa = PBXGroup;
			children = (
				0AE805578D2A1AC8341B8FBA /* libPods-ZQFreeLimit.a */,
			);
			name = Frameworks;
			sourceTree = "<group>";
		};
		BA39BFD74E1FF03E1673FD18 /* Pods */ = {
			isa = PBXGroup;
			children = (
				2431C5E49DCF005B63D2F538 /* Pods-ZQFreeLimit.debug.xcconfig */,
				91C875D2B765FE0D97579DD5 /* Pods-ZQFreeLimit.release.xcconfig */,
			);
			name = Pods;
			sourceTree = "<group>";
		};
		BCB64A531D07F129009E15D7 = {
			isa = PBXGroup;
			children = (
				BCB64A5E1D07F129009E15D7 /* ZQFreeLimit */,
				BCB64A781D07F129009E15D7 /* ZQFreeLimitTests */,
				BCB64A5D1D07F129009E15D7 /* Products */,
				BA39BFD74E1FF03E1673FD18 /* Pods */,
				6BBF2F2329A1B60E048B8527 /* Frameworks */,
			);
			sourceTree = "<group>";
		};
		BCB64A5D1D07F129009E15D7 /* Products */ = {
			isa = PBXGroup;
			children = (
				BCB64A5C1D07F129009E15D7 /* ZQFreeLimit.app */,
				BCB64A751D07F129009E15D7 /* ZQFreeLimitTests.xctest */,
			);
			name = Products;
			sourceTree = "<group>";
		};
		BCB64A5E1D07F129009E15D7 /* ZQFreeLimit */ = {
			isa = PBXGroup;
			children = (
				BCB64A8A1D07FB38009E15D7 /* ZQViewController.h */,
				BCB64A8B1D07FB38009E15D7 /* ZQViewController.m */,
				BCB64A631D07F129009E15D7 /* AppDelegate.h */,
				BCB64A641D07F129009E15D7 /* AppDelegate.m */,
				BCB64A661D07F129009E15D7 /* ViewController.h */,
				BCB64A671D07F129009E15D7 /* ViewController.m */,
				BCB64A691D07F129009E15D7 /* Main.storyboard */,
				BCB64A6C1D07F129009E15D7 /* Images.xcassets */,
				BCB64A6E1D07F129009E15D7 /* LaunchScreen.xib */,
				BCB64A5F1D07F129009E15D7 /* Supporting Files */,
			);
			path = ZQFreeLimit;
			sourceTree = "<group>";
		};
		BCB64A5F1D07F129009E15D7 /* Supporting Files */ = {
			isa = PBXGroup;
			children = (
				BCB64A601D07F129009E15D7 /* Info.plist */,
				BCB64A611D07F129009E15D7 /* main.m */,
			);
			name = "Supporting Files";
			sourceTree = "<group>";
		};
		BCB64A781D07F129009E15D7 /* ZQFreeLimitTests */ = {
			isa = PBXGroup;
			children = (
				BCB64A7B1D07F129009E15D7 /* ZQFreeLimitTests.m */,
				BCB64A791D07F129009E15D7 /* Supporting Files */,
			);
			path = ZQFreeLimitTests;
			sourceTree = "<group>";
		};
		BCB64A791D07F129009E15D7 /* Supporting Files */ = {
			isa = PBXGroup;
			children = (
				BCB64A7A1D07F129009E15D7 /* Info.plist */,
			);
			name = "Supporting Files";
			sourceTree = "<group>";
		};
/* End PBXGroup section */

/* Begin PBXNativeTarget section */
		BCB64A5B1D07F129009E15D7 /* ZQFreeLimit */ = {
			isa = PBXNativeTarget;
			buildConfigurationList = BCB64A7F1D07F129009E15D7 /* Build configuration list for PBXNativeTarget "ZQFreeLimit" */;
			buildPhases = (
				67426FC65C0CB0B4F9CCCB7C /* [CP] Check Pods Manifest.lock */,
				BCB64A581D07F129009E15D7 /* Sources */,
				BCB64A591D07F129009E15D7 /* Frameworks */,
				BCB64A5A1D07F129009E15D7 /* Resources */,
				B74E7C92CC0010D88980BE53 /* [CP] Embed Pods Frameworks */,
				D3A341D58DF3617C5C46B63E /* [CP] Copy Pods Resources */,
			);
			buildRules = (
			);
			dependencies = (
			);
			name = ZQFreeLimit;
			productName = ZQFreeLimit;
			productReference = BCB64A5C1D07F129009E15D7 /* ZQFreeLimit.app */;
			productType = "com.apple.product-type.application";
		};
		BCB64A741D07F129009E15D7 /* ZQFreeLimitTests */ = {
			isa = PBXNativeTarget;
			buildConfigurationList = BCB64A821D07F129009E15D7 /* Build configuration list for PBXNativeTarget "ZQFreeLimitTests" */;
			buildPhases = (
				BCB64A711D07F129009E15D7 /* Sources */,
				BCB64A721D07F129009E15D7 /* Frameworks */,
				BCB64A731D07F129009E15D7 /* Resources */,
			);
			buildRules = (
			);
			dependencies = (
				BCB64A771D07F129009E15D7 /* PBXTargetDependency */,
			);
			name = ZQFreeLimitTests;
			productName = ZQFreeLimitTests;
			productReference = BCB64A751D07F129009E15D7 /* ZQFreeLimitTests.xctest */;
			productType = "com.apple.product-type.bundle.unit-test";
		};
/* End PBXNativeTarget section */

/* Begin PBXProject section */
		BCB64A541D07F129009E15D7 /* Project object */ = {
			isa = PBXProject;
			attributes = {
				LastUpgradeCheck = 0640;
				ORGANIZATIONNAME = zq;
				TargetAttributes = {
					BCB64A5B1D07F129009E15D7 = {
						CreatedOnToolsVersion = 6.4;
					};
					BCB64A741D07F129009E15D7 = {
						CreatedOnToolsVersion = 6.4;
						TestTargetID = BCB64A5B1D07F129009E15D7;
					};
				};
			};
			buildConfigurationList = BCB64A571D07F129009E15D7 /* Build configuration list for PBXProject "ZQFreeLimit" */;
			compatibilityVersion = "Xcode 3.2";
			developmentRegion = English;
			hasScannedForEncodings = 0;
			knownRegions = (
				en,
				Base,
			);
			mainGroup = BCB64A531D07F129009E15D7;
			productRefGroup = BCB64A5D1D07F129009E15D7 /* Products */;
			projectDirPath = "";
			projectRoot = "";
			targets = (
				BCB64A5B1D07F129009E15D7 /* ZQFreeLimit */,
				BCB64A741D07F129009E15D7 /* ZQFreeLimitTests */,
			);
		};
/* End PBXProject section */

/* Begin PBXResourcesBuildPhase section */
		BCB64A5A1D07F129009E15D7 /* Resources */ = {
			isa = PBXResourcesBuildPhase;
			buildActionMask = 2147483647;
			files = (
				BCB64A6B1D07F129009E15D7 /* Main.storyboard in Resources */,
				BCB64A701D07F129009E15D7 /* LaunchScreen.xib in Resources */,
				BCB64A6D1D07F129009E15D7 /* Images.xcassets in Resources */,
			);
			runOnlyForDeploymentPostprocessing = 0;
		};
		BCB64A731D07F129009E15D7 /* Resources */ = {
			isa = PBXResourcesBuildPhase;
			buildActionMask = 2147483647;
			files = (
			);
			runOnlyForDeploymentPostprocessing = 0;
		};
/* End PBXResourcesBuildPhase section */

/* Begin PBXShellScriptBuildPhase section */
		67426FC65C0CB0B4F9CCCB7C /* [CP] Check Pods Manifest.lock */ = {
			isa = PBXShellScriptBuildPhase;
			buildActionMask = 2147483647;
			files = (
			);
			inputPaths = (
			);
			name = "[CP] Check Pods Manifest.lock";
			outputPaths = (
			);
			runOnlyForDeploymentPostprocessing = 0;
			shellPath = /bin/sh;
			shellScript = "diff \"${PODS_ROOT}/../Podfile.lock\" \"${PODS_ROOT}/Manifest.lock\" > /dev/null\nif [[ $? != 0 ]] ; then\n    cat << EOM\nerror: The sandbox is not in sync with the Podfile.lock. Run 'pod install' or update your CocoaPods installation.\nEOM\n    exit 1\nfi\n";
			showEnvVarsInLog = 0;
		};
		B74E7C92CC0010D88980BE53 /* [CP] Embed Pods Frameworks */ = {
			isa = PBXShellScriptBuildPhase;
			buildActionMask = 2147483647;
			files = (
			);
			inputPaths = (
			);
			name = "[CP] Embed Pods Frameworks";
			outputPaths = (
			);
			runOnlyForDeploymentPostprocessing = 0;
			shellPath = /bin/sh;
			shellScript = "\"${SRCROOT}/Pods/Target Support Files/Pods-ZQFreeLimit/Pods-ZQFreeLimit-frameworks.sh\"\n";
			showEnvVarsInLog = 0;
		};
		D3A341D58DF3617C5C46B63E /* [CP] Copy Pods Resources */ = {
			isa = PBXShellScriptBuildPhase;
			buildActionMask = 2147483647;
			files = (
			);
			inputPaths = (
			);
			name = "[CP] Copy Pods Resources";
			outputPaths = (
			);
			runOnlyForDeploymentPostprocessing = 0;
			shellPath = /bin/sh;
			shellScript = "\"${SRCROOT}/Pods/Target Support Files/Pods-ZQFreeLimit/Pods-ZQFreeLimit-resources.sh\"\n";
			showEnvVarsInLog = 0;
		};
/* End PBXShellScriptBuildPhase section */

/* Begin PBXSourcesBuildPhase section */
		BCB64A581D07F129009E15D7 /* Sources */ = {
			isa = PBXSourcesBuildPhase;
			buildActionMask = 2147483647;
			files = (
				BCB64A681D07F129009E15D7 /* ViewController.m in Sources */,
				BCB64A651D07F129009E15D7 /* AppDelegate.m in Sources */,
				BCB64A621D07F129009E15D7 /* main.m in Sources */,
				BCB64A8C1D07FB38009E15D7 /* ZQViewController.m in Sources */,
			);
			runOnlyForDeploymentPostprocessing = 0;
		};
		BCB64A711D07F129009E15D7 /* Sources */ = {
			isa = PBXSourcesBuildPhase;
			buildActionMask = 2147483647;
			files = (
				BCB64A7C1D07F129009E15D7 /* ZQFreeLimitTests.m in Sources */,
			);
			runOnlyForDeploymentPostprocessing = 0;
		};
/* End PBXSourcesBuildPhase section */

/* Begin PBXTargetDependency section */
		BCB64A771D07F129009E15D7 /* PBXTargetDependency */ = {
			isa = PBXTargetDependency;
			target = BCB64A5B1D07F129009E15D7 /* ZQFreeLimit */;
			targetProxy = BCB64A761D07F129009E15D7 /* PBXContainerItemProxy */;
		};
/* End PBXTargetDependency section */

/* Begin PBXVariantGroup section */
		BCB64A691D07F129009E15D7 /* Main.storyboard */ = {
			isa = PBXVariantGroup;
			children = (
				BCB64A6A1D07F129009E15D7 /* Base */,
			);
			name = Main.storyboard;
			sourceTree = "<group>";
		};
		BCB64A6E1D07F129009E15D7 /* LaunchScreen.xib */ = {
			isa = PBXVariantGroup;
			children = (
				BCB64A6F1D07F129009E15D7 /* Base */,
			);
			name = LaunchScreen.xib;
			sourceTree = "<group>";
		};
/* End PBXVariantGroup section */

/* Begin XCBuildConfiguration section */
		BCB64A7D1D07F129009E15D7 /* Debug */ = {
			isa = XCBuildConfiguration;
			buildSettings = {
				ALWAYS_SEARCH_USER_PATHS = NO;
				CLANG_CXX_LANGUAGE_STANDARD = "gnu++0x";
				CLANG_CXX_LIBRARY = "libc++";
				CLANG_ENABLE_MODULES = YES;
				CLANG_ENABLE_OBJC_ARC = YES;
				CLANG_WARN_BOOL_CONVERSION = YES;
				CLANG_WARN_CONSTANT_CONVERSION = YES;
				CLANG_WARN_DIRECT_OBJC_ISA_USAGE = YES_ERROR;
				CLANG_WARN_EMPTY_BODY = YES;
				CLANG_WARN_ENUM_CONVERSION = YES;
				CLANG_WARN_INT_CONVERSION = YES;
				CLANG_WARN_OBJC_ROOT_CLASS = YES_ERROR;
				CLANG_WARN_UNREACHABLE_CODE = YES;
				CLANG_WARN__DUPLICATE_METHOD_MATCH = YES;
				"CODE_SIGN_IDENTITY[sdk=iphoneos*]" = "iPhone Developer";
				COPY_PHASE_STRIP = NO;
				DEBUG_INFORMATION_FORMAT = "dwarf-with-dsym";
				ENABLE_STRICT_OBJC_MSGSEND = YES;
				GCC_C_LANGUAGE_STANDARD = gnu99;
				GCC_DYNAMIC_NO_PIC = NO;
				GCC_NO_COMMON_BLOCKS = YES;
				GCC_OPTIMIZATION_LEVEL = 0;
				GCC_PREPROCESSOR_DEFINITIONS = (
					"DEBUG=1",
					"$(inherited)",
				);
				GCC_SYMBOLS_PRIVATE_EXTERN = NO;
				GCC_WARN_64_TO_32_BIT_CONVERSION = YES;
				GCC_WARN_ABOUT_RETURN_TYPE = YES_ERROR;
				GCC_WARN_UNDECLARED_SELECTOR = YES;
				GCC_WARN_UNINITIALIZED_AUTOS = YES_AGGRESSIVE;
				GCC_WARN_UNUSED_FUNCTION = YES;
				GCC_WARN_UNUSED_VARIABLE = YES;
				IPHONEOS_DEPLOYMENT_TARGET = 8.4;
				MTL_ENABLE_DEBUG_INFO = YES;
				ONLY_ACTIVE_ARCH = YES;
				SDKROOT = iphoneos;
				TARGETED_DEVICE_FAMILY = "1,2";
			};
			name = Debug;
		};
		BCB64A7E1D07F129009E15D7 /* Release */ = {
			isa = XCBuildConfiguration;
			buildSettings = {
				ALWAYS_SEARCH_USER_PATHS = NO;
				CLANG_CXX_LANGUAGE_STANDARD = "gnu++0x";
				CLANG_CXX_LIBRARY = "libc++";
				CLANG_ENABLE_MODULES = YES;
				CLANG_ENABLE_OBJC_ARC = YES;
				CLANG_WARN_BOOL_CONVERSION = YES;
				CLANG_WARN_CONSTANT_CONVERSION = YES;
				CLANG_WARN_DIRECT_OBJC_ISA_USAGE = YES_ERROR;
				CLANG_WARN_EMPTY_BODY = YES;
				CLANG_WARN_ENUM_CONVERSION = YES;
				CLANG_WARN_INT_CONVERSION = YES;
				CLANG_WARN_OBJC_ROOT_CLASS = YES_ERROR;
				CLANG_WARN_UNREACHABLE_CODE = YES;
				CLANG_WARN__DUPLICATE_METHOD_MATCH = YES;
				"CODE_SIGN_IDENTITY[sdk=iphoneos*]" = "iPhone Developer";
				COPY_PHASE_STRIP = NO;
				DEBUG_INFORMATION_FORMAT = "dwarf-with-dsym";
				ENABLE_NS_ASSERTIONS = NO;
				ENABLE_STRICT_OBJC_MSGSEND = YES;
				GCC_C_LANGUAGE_STANDARD = gnu99;
				GCC_NO_COMMON_BLOCKS = YES;
				GCC_WARN_64_TO_32_BIT_CONVERSION = YES;
				GCC_WARN_ABOUT_RETURN_TYPE = YES_ERROR;
				GCC_WARN_UNDECLARED_SELECTOR = YES;
				GCC_WARN_UNINITIALIZED_AUTOS = YES_AGGRESSIVE;
				GCC_WARN_UNUSED_FUNCTION = YES;
				GCC_WARN_UNUSED_VARIABLE = YES;
				IPHONEOS_DEPLOYMENT_TARGET = 8.4;
				MTL_ENABLE_DEBUG_INFO = NO;
				SDKROOT = iphoneos;
				TARGETED_DEVICE_FAMILY = "1,2";
				VALIDATE_PRODUCT = YES;
			};
			name = Release;
		};
		BCB64A801D07F129009E15D7 /* Debug */ = {
			isa = XCBuildConfiguration;
			baseConfigurationReference = 2431C5E49DCF005B63D2F538 /* Pods-ZQFreeLimit.debug.xcconfig */;
			buildSettings = {
				ASSETCATALOG_COMPILER_APPICON_NAME = AppIcon;
				INFOPLIST_FILE = ZQFreeLimit/Info.plist;
				LD_RUNPATH_SEARCH_PATHS = "$(inherited) @executable_path/Frameworks";
				PRODUCT_NAME = "$(TARGET_NAME)";
			};
			name = Debug;
		};
		BCB64A811D07F129009E15D7 /* Release */ = {
			isa = XCBuildConfiguration;
			baseConfigurationReference = 91C875D2B765FE0D97579DD5 /* Pods-ZQFreeLimit.release.xcconfig */;
			buildSettings = {
				ASSETCATALOG_COMPILER_APPICON_NAME = AppIcon;
				INFOPLIST_FILE = ZQFreeLimit/Info.plist;
				LD_RUNPATH_SEARCH_PATHS = "$(inherited) @executable_path/Frameworks";
				PRODUCT_NAME = "$(TARGET_NAME)";
			};
			name = Release;
		};
		BCB64A831D07F129009E15D7 /* Debug */ = {
			isa = XCBuildConfiguration;
			buildSettings = {
				BUNDLE_LOADER = "$(TEST_HOST)";
				FRAMEWORK_SEARCH_PATHS = (
					"$(SDKROOT)/Developer/Library/Frameworks",
					"$(inherited)",
				);
				GCC_PREPROCESSOR_DEFINITIONS = (
					"DEBUG=1",
					"$(inherited)",
				);
				INFOPLIST_FILE = ZQFreeLimitTests/Info.plist;
				LD_RUNPATH_SEARCH_PATHS = "$(inherited) @executable_path/Frameworks @loader_path/Frameworks";
				PRODUCT_NAME = "$(TARGET_NAME)";
				TEST_HOST = "$(BUILT_PRODUCTS_DIR)/ZQFreeLimit.app/ZQFreeLimit";
			};
			name = Debug;
		};
		BCB64A841D07F129009E15D7 /* Release */ = {
			isa = XCBuildConfiguration;
			buildSettings = {
				BUNDLE_LOADER = "$(TEST_HOST)";
				FRAMEWORK_SEARCH_PATHS = (
					"$(SDKROOT)/Developer/Library/Frameworks",
					"$(inherited)",
				);
				INFOPLIST_FILE = ZQFreeLimitTests/Info.plist;
				LD_RUNPATH_SEARCH_PATHS = "$(inherited) @executable_path/Frameworks @loader_path/Frameworks";
				PRODUCT_NAME = "$(TARGET_NAME)";
				TEST_HOST = "$(BUILT_PRODUCTS_DIR)/ZQFreeLimit.app/ZQFreeLimit";
			};
			name = Release;
		};
/* End XCBuildConfiguration section */

/* Begin XCConfigurationList section */
		BCB64A571D07F129009E15D7 /* Build configuration list for PBXProject "ZQFreeLimit" */ = {
			isa = XCConfigurationList;
			buildConfigurations = (
				BCB64A7D1D07F129009E15D7 /* Debug */,
				BCB64A7E1D07F129009E15D7 /* Release */,
			);
			defaultConfigurationIsVisible = 0;
			defaultConfigurationName = Release;
		};
		BCB64A7F1D07F129009E15D7 /* Build configuration list for PBXNativeTarget "ZQFreeLimit" */ = {
			isa = XCConfigurationList;
			buildConfigurations = (
				BCB64A801D07F129009E15D7 /* Debug */,
				BCB64A811D07F129009E15D7 /* Release */,
			);
			defaultConfigurationIsVisible = 0;
			defaultConfigurationName = Release;
		};
		BCB64A821D07F129009E15D7 /* Build configuration list for PBXNativeTarget "ZQFreeLimitTests" */ = {
			isa = XCConfigurationList;
			buildConfigurations = (
				BCB64A831D07F129009E15D7 /* Debug */,
				BCB64A841D07F129009E15D7 /* Release */,
			);
			defaultConfigurationIsVisible = 0;
			defaultConfigurationName = Release;
		};
/* End XCConfigurationList section */
	};
	rootObject = BCB64A541D07F129009E15D7 /* Project object */;
}
